{
  "version": 4,
  "terraform_version": "0.12.9",
  "serial": 31,
  "lineage": "9c9047e3-50dc-8551-c428-919c892b1574",
  "outputs": {},
  "resources": [
    {
      "mode": "managed",
      "type": "azurerm_network_security_group",
      "name": "nic_ubuntu",
      "provider": "provider.azurerm",
      "instances": [
        {
          "schema_version": 0,
          "attributes": {
            "id": "/subscriptions/bca80750-babf-4508-a80a-0494d0526a4b/resourceGroups/NSGs/providers/Microsoft.Network/networkSecurityGroups/NIC_Ubuntu",
            "location": "southeastasia",
            "name": "NIC_Ubuntu",
            "resource_group_name": "NSGs",
            "security_rule": [
              {
                "access": "Allow",
                "description": "",
                "destination_address_prefix": "*",
                "destination_address_prefixes": [],
                "destination_application_security_group_ids": [],
                "destination_port_range": "22",
                "destination_port_ranges": [],
                "direction": "Inbound",
                "name": "SSH",
                "priority": 100,
                "protocol": "Tcp",
                "source_address_prefix": "*",
                "source_address_prefixes": [],
                "source_application_security_group_ids": [],
                "source_port_range": "*",
                "source_port_ranges": []
              }
            ],
            "tags": {
              "env": "trainings",
              "source": "citadel"
            }
          },
          "private": "bnVsbA==",
          "depends_on": [
            "azurerm_resource_group.nsgs"
          ]
        }
      ]
    },
    {
      "mode": "managed",
      "type": "azurerm_network_security_group",
      "name": "resource_group_default",
      "provider": "provider.azurerm",
      "instances": [
        {
          "schema_version": 0,
          "attributes": {
            "id": "/subscriptions/bca80750-babf-4508-a80a-0494d0526a4b/resourceGroups/NSGs/providers/Microsoft.Network/networkSecurityGroups/ResoureGrouopDefault",
            "location": "southeastasia",
            "name": "ResoureGrouopDefault",
            "resource_group_name": "NSGs",
            "security_rule": [
              {
                "access": "Allow",
                "description": "",
                "destination_address_prefix": "*",
                "destination_address_prefixes": [],
                "destination_application_security_group_ids": [],
                "destination_port_range": "1443",
                "destination_port_ranges": [],
                "direction": "Inbound",
                "name": "AllowSQLServer",
                "priority": 1030,
                "protocol": "Tcp",
                "source_address_prefix": "*",
                "source_address_prefixes": [],
                "source_application_security_group_ids": [],
                "source_port_range": "*",
                "source_port_ranges": []
              },
              {
                "access": "Allow",
                "description": "",
                "destination_address_prefix": "*",
                "destination_address_prefixes": [],
                "destination_application_security_group_ids": [],
                "destination_port_range": "22",
                "destination_port_ranges": [],
                "direction": "Inbound",
                "name": "AllowSSH",
                "priority": 1010,
                "protocol": "Tcp",
                "source_address_prefix": "*",
                "source_address_prefixes": [],
                "source_application_security_group_ids": [],
                "source_port_range": "*",
                "source_port_ranges": []
              },
              {
                "access": "Allow",
                "description": "",
                "destination_address_prefix": "*",
                "destination_address_prefixes": [],
                "destination_application_security_group_ids": [],
                "destination_port_range": "443",
                "destination_port_ranges": [],
                "direction": "Inbound",
                "name": "AllowHTTPS",
                "priority": 1021,
                "protocol": "Tcp",
                "source_address_prefix": "*",
                "source_address_prefixes": [],
                "source_application_security_group_ids": [],
                "source_port_range": "*",
                "source_port_ranges": []
              },
              {
                "access": "Allow",
                "description": "",
                "destination_address_prefix": "*",
                "destination_address_prefixes": [],
                "destination_application_security_group_ids": [],
                "destination_port_range": "80",
                "destination_port_ranges": [],
                "direction": "Inbound",
                "name": "AllowHTTP",
                "priority": 1020,
                "protocol": "Tcp",
                "source_address_prefix": "*",
                "source_address_prefixes": [],
                "source_application_security_group_ids": [],
                "source_port_range": "*",
                "source_port_ranges": []
              }
            ],
            "tags": {
              "env": "trainings",
              "source": "citadel"
            }
          },
          "private": "bnVsbA==",
          "depends_on": [
            "azurerm_resource_group.nsgs"
          ]
        }
      ]
    },
    {
      "mode": "managed",
      "type": "azurerm_network_security_rule",
      "name": "AllowHTTP",
      "provider": "provider.azurerm",
      "instances": [
        {
          "schema_version": 0,
          "attributes": {
            "access": "Allow",
            "description": "",
            "destination_address_prefix": "*",
            "destination_address_prefixes": [],
            "destination_application_security_group_ids": [],
            "destination_port_range": "80",
            "destination_port_ranges": [],
            "direction": "Inbound",
            "id": "/subscriptions/bca80750-babf-4508-a80a-0494d0526a4b/resourceGroups/NSGs/providers/Microsoft.Network/networkSecurityGroups/ResoureGrouopDefault/securityRules/AllowHTTP",
            "name": "AllowHTTP",
            "network_security_group_name": "ResoureGrouopDefault",
            "priority": 1020,
            "protocol": "Tcp",
            "resource_group_name": "NSGs",
            "source_address_prefix": "*",
            "source_address_prefixes": [],
            "source_application_security_group_ids": [],
            "source_port_range": "*",
            "source_port_ranges": []
          },
          "private": "bnVsbA==",
          "depends_on": [
            "azurerm_network_security_group.resource_group_default",
            "azurerm_resource_group.nsgs"
          ]
        }
      ]
    },
    {
      "mode": "managed",
      "type": "azurerm_network_security_rule",
      "name": "AllowHTTPS",
      "provider": "provider.azurerm",
      "instances": [
        {
          "schema_version": 0,
          "attributes": {
            "access": "Allow",
            "description": "",
            "destination_address_prefix": "*",
            "destination_address_prefixes": [],
            "destination_application_security_group_ids": [],
            "destination_port_range": "443",
            "destination_port_ranges": [],
            "direction": "Inbound",
            "id": "/subscriptions/bca80750-babf-4508-a80a-0494d0526a4b/resourceGroups/NSGs/providers/Microsoft.Network/networkSecurityGroups/ResoureGrouopDefault/securityRules/AllowHTTPS",
            "name": "AllowHTTPS",
            "network_security_group_name": "ResoureGrouopDefault",
            "priority": 1021,
            "protocol": "Tcp",
            "resource_group_name": "NSGs",
            "source_address_prefix": "*",
            "source_address_prefixes": [],
            "source_application_security_group_ids": [],
            "source_port_range": "*",
            "source_port_ranges": []
          },
          "private": "bnVsbA==",
          "depends_on": [
            "azurerm_network_security_group.resource_group_default",
            "azurerm_resource_group.nsgs"
          ]
        }
      ]
    },
    {
      "mode": "managed",
      "type": "azurerm_network_security_rule",
      "name": "AllowSQLServer",
      "provider": "provider.azurerm",
      "instances": [
        {
          "schema_version": 0,
          "attributes": {
            "access": "Allow",
            "description": "",
            "destination_address_prefix": "*",
            "destination_address_prefixes": [],
            "destination_application_security_group_ids": [],
            "destination_port_range": "1443",
            "destination_port_ranges": [],
            "direction": "Inbound",
            "id": "/subscriptions/bca80750-babf-4508-a80a-0494d0526a4b/resourceGroups/NSGs/providers/Microsoft.Network/networkSecurityGroups/ResoureGrouopDefault/securityRules/AllowSQLServer",
            "name": "AllowSQLServer",
            "network_security_group_name": "ResoureGrouopDefault",
            "priority": 1030,
            "protocol": "Tcp",
            "resource_group_name": "NSGs",
            "source_address_prefix": "*",
            "source_address_prefixes": [],
            "source_application_security_group_ids": [],
            "source_port_range": "*",
            "source_port_ranges": []
          },
          "private": "bnVsbA==",
          "depends_on": [
            "azurerm_network_security_group.resource_group_default",
            "azurerm_resource_group.nsgs"
          ]
        }
      ]
    },
    {
      "mode": "managed",
      "type": "azurerm_network_security_rule",
      "name": "AllowSSH",
      "provider": "provider.azurerm",
      "instances": [
        {
          "schema_version": 0,
          "attributes": {
            "access": "Allow",
            "description": "",
            "destination_address_prefix": "*",
            "destination_address_prefixes": [],
            "destination_application_security_group_ids": [],
            "destination_port_range": "22",
            "destination_port_ranges": [],
            "direction": "Inbound",
            "id": "/subscriptions/bca80750-babf-4508-a80a-0494d0526a4b/resourceGroups/NSGs/providers/Microsoft.Network/networkSecurityGroups/ResoureGrouopDefault/securityRules/AllowSSH",
            "name": "AllowSSH",
            "network_security_group_name": "ResoureGrouopDefault",
            "priority": 1010,
            "protocol": "Tcp",
            "resource_group_name": "NSGs",
            "source_address_prefix": "*",
            "source_address_prefixes": [],
            "source_application_security_group_ids": [],
            "source_port_range": "*",
            "source_port_ranges": []
          },
          "private": "bnVsbA==",
          "depends_on": [
            "azurerm_network_security_group.resource_group_default",
            "azurerm_resource_group.nsgs"
          ]
        }
      ]
    },
    {
      "mode": "managed",
      "type": "azurerm_public_ip",
      "name": "vpnGatewayPublicIp",
      "provider": "provider.azurerm",
      "instances": [
        {
          "schema_version": 0,
          "attributes": {
            "allocation_method": "Dynamic",
            "domain_name_label": null,
            "fqdn": null,
            "id": "/subscriptions/bca80750-babf-4508-a80a-0494d0526a4b/resourceGroups/corenetwork/providers/Microsoft.Network/publicIPAddresses/vpnGatewayPublicIp",
            "idle_timeout_in_minutes": 4,
            "ip_address": "",
            "ip_version": "IPv4",
            "location": "southeastasia",
            "name": "vpnGatewayPublicIp",
            "public_ip_address_allocation": "Dynamic",
            "public_ip_prefix_id": null,
            "resource_group_name": "corenetwork",
            "reverse_fqdn": null,
            "sku": "Basic",
            "tags": {
              "env": "trainings",
              "source": "citadel"
            },
            "zones": []
          },
          "private": "bnVsbA==",
          "depends_on": [
            "azurerm_resource_group.coretf"
          ]
        }
      ]
    },
    {
      "mode": "managed",
      "type": "azurerm_resource_group",
      "name": "coretf",
      "provider": "provider.azurerm",
      "instances": [
        {
          "schema_version": 0,
          "attributes": {
            "id": "/subscriptions/bca80750-babf-4508-a80a-0494d0526a4b/resourceGroups/corenetwork",
            "location": "southeastasia",
            "name": "corenetwork",
            "tags": {
              "env": "trainings",
              "source": "citadel"
            }
          },
          "private": "bnVsbA=="
        }
      ]
    },
    {
      "mode": "managed",
      "type": "azurerm_resource_group",
      "name": "nsgs",
      "provider": "provider.azurerm",
      "instances": [
        {
          "schema_version": 0,
          "attributes": {
            "id": "/subscriptions/bca80750-babf-4508-a80a-0494d0526a4b/resourceGroups/NSGs",
            "location": "southeastasia",
            "name": "NSGs",
            "tags": {
              "env": "trainings",
              "source": "citadel"
            }
          },
          "private": "bnVsbA=="
        }
      ]
    },
    {
      "mode": "managed",
      "type": "azurerm_subnet",
      "name": "Gatewaysubnet",
      "provider": "provider.azurerm",
      "instances": [
        {
          "schema_version": 0,
          "attributes": {
            "address_prefix": "10.0.0.0/24",
            "delegation": [],
            "id": "/subscriptions/bca80750-babf-4508-a80a-0494d0526a4b/resourceGroups/corenetwork/providers/Microsoft.Network/virtualNetworks/core/subnets/GatewaySubnet",
            "ip_configurations": [
              "/subscriptions/bca80750-babf-4508-a80a-0494d0526a4b/resourceGroups/corenetwork/providers/Microsoft.Network/virtualNetworkGateways/vpnGateway/ipConfigurations/vpnGwConfig1"
            ],
            "name": "GatewaySubnet",
            "network_security_group_id": "",
            "resource_group_name": "corenetwork",
            "route_table_id": "",
            "service_endpoints": [],
            "virtual_network_name": "core"
          },
          "private": "bnVsbA==",
          "depends_on": [
            "azurerm_resource_group.coretf",
            "azurerm_virtual_network.core"
          ]
        }
      ]
    },
    {
      "mode": "managed",
      "type": "azurerm_subnet",
      "name": "dev",
      "provider": "provider.azurerm",
      "instances": [
        {
          "schema_version": 0,
          "attributes": {
            "address_prefix": "10.0.2.0/24",
            "delegation": [],
            "id": "/subscriptions/bca80750-babf-4508-a80a-0494d0526a4b/resourceGroups/corenetwork/providers/Microsoft.Network/virtualNetworks/core/subnets/dev",
            "ip_configurations": [],
            "name": "dev",
            "network_security_group_id": "",
            "resource_group_name": "corenetwork",
            "route_table_id": "",
            "service_endpoints": [],
            "virtual_network_name": "core"
          },
          "private": "bnVsbA==",
          "depends_on": [
            "azurerm_resource_group.coretf",
            "azurerm_virtual_network.core"
          ]
        }
      ]
    },
    {
      "mode": "managed",
      "type": "azurerm_subnet",
      "name": "training",
      "provider": "provider.azurerm",
      "instances": [
        {
          "schema_version": 0,
          "attributes": {
            "address_prefix": "10.0.1.0/24",
            "delegation": [],
            "id": "/subscriptions/bca80750-babf-4508-a80a-0494d0526a4b/resourceGroups/corenetwork/providers/Microsoft.Network/virtualNetworks/core/subnets/training",
            "ip_configurations": [],
            "name": "training",
            "network_security_group_id": "",
            "resource_group_name": "corenetwork",
            "route_table_id": "",
            "service_endpoints": [],
            "virtual_network_name": "core"
          },
          "private": "bnVsbA==",
          "depends_on": [
            "azurerm_resource_group.coretf",
            "azurerm_virtual_network.core"
          ]
        }
      ]
    },
    {
      "mode": "managed",
      "type": "azurerm_virtual_network",
      "name": "core",
      "provider": "provider.azurerm",
      "instances": [
        {
          "schema_version": 0,
          "attributes": {
            "address_space": [
              "10.0.0.0/16"
            ],
            "ddos_protection_plan": [],
            "dns_servers": [
              "1.1.1.1",
              "1.0.0.1"
            ],
            "id": "/subscriptions/bca80750-babf-4508-a80a-0494d0526a4b/resourceGroups/corenetwork/providers/Microsoft.Network/virtualNetworks/core",
            "location": "southeastasia",
            "name": "core",
            "resource_group_name": "corenetwork",
            "subnet": [
              {
                "address_prefix": "10.0.0.0/24",
                "id": "/subscriptions/bca80750-babf-4508-a80a-0494d0526a4b/resourceGroups/corenetwork/providers/Microsoft.Network/virtualNetworks/core/subnets/GatewaySubnet",
                "name": "GatewaySubnet",
                "security_group": ""
              },
              {
                "address_prefix": "10.0.1.0/24",
                "id": "/subscriptions/bca80750-babf-4508-a80a-0494d0526a4b/resourceGroups/corenetwork/providers/Microsoft.Network/virtualNetworks/core/subnets/training",
                "name": "training",
                "security_group": ""
              },
              {
                "address_prefix": "10.0.2.0/24",
                "id": "/subscriptions/bca80750-babf-4508-a80a-0494d0526a4b/resourceGroups/corenetwork/providers/Microsoft.Network/virtualNetworks/core/subnets/dev",
                "name": "dev",
                "security_group": ""
              }
            ],
            "tags": {}
          },
          "private": "bnVsbA==",
          "depends_on": [
            "azurerm_resource_group.coretf"
          ]
        }
      ]
    }
  ]
}
